// !$*UTF8*$!
{
	archiveVersion = 1;
	classes = {
	};
	objectVersion = 46;
	objects = {

/* Begin PBXBuildFile section */
		742667411A5245DD0045C482 /* QHSlimeView.m in Sources */ = {isa = PBXBuildFile; fileRef = 742667401A5245DD0045C482 /* QHSlimeView.m */; };
		743BDA021A515745003A23DE /* main.m in Sources */ = {isa = PBXBuildFile; fileRef = 743BDA011A515745003A23DE /* main.m */; };
		743BDA051A515745003A23DE /* AppDelegate.m in Sources */ = {isa = PBXBuildFile; fileRef = 743BDA041A515745003A23DE /* AppDelegate.m */; };
		743BDA081A515745003A23DE /* ViewController.m in Sources */ = {isa = PBXBuildFile; fileRef = 743BDA071A515745003A23DE /* ViewController.m */; };
		743BDA0B1A515745003A23DE /* Main.storyboard in Resources */ = {isa = PBXBuildFile; fileRef = 743BDA091A515745003A23DE /* Main.storyboard */; };
		743BDA0D1A515745003A23DE /* Images.xcassets in Resources */ = {isa = PBXBuildFile; fileRef = 743BDA0C1A515745003A23DE /* Images.xcassets */; };
		743BDA101A515745003A23DE /* LaunchScreen.xib in Resources */ = {isa = PBXBuildFile; fileRef = 743BDA0E1A515745003A23DE /* LaunchScreen.xib */; };
		743BDA1C1A515745003A23DE /* QQBubbleTests.m in Sources */ = {isa = PBXBuildFile; fileRef = 743BDA1B1A515745003A23DE /* QQBubbleTests.m */; };
		743BDA281A515858003A23DE /* QHBubble.m in Sources */ = {isa = PBXBuildFile; fileRef = 743BDA271A515858003A23DE /* QHBubble.m */; };
/* End PBXBuildFile section */

/* Begin PBXContainerItemProxy section */
		743BDA161A515745003A23DE /* PBXContainerItemProxy */ = {
			isa = PBXContainerItemProxy;
			containerPortal = 743BD9F41A515745003A23DE /* Project object */;
			proxyType = 1;
			remoteGlobalIDString = 743BD9FB1A515745003A23DE;
			remoteInfo = QQBubble;
		};
/* End PBXContainerItemProxy section */

/* Begin PBXFileReference section */
		7426673F1A5245DD0045C482 /* QHSlimeView.h */ = {isa = PBXFileReference; fileEncoding = 4; lastKnownFileType = sourcecode.c.h; path = QHSlimeView.h; sourceTree = "<group>"; };
		742667401A5245DD0045C482 /* QHSlimeView.m */ = {isa = PBXFileReference; fileEncoding = 4; lastKnownFileType = sourcecode.c.objc; path = QHSlimeView.m; sourceTree = "<group>"; };
		743BD9FC1A515745003A23DE /* QQBubble.app */ = {isa = PBXFileReference; explicitFileType = wrapper.application; includeInIndex = 0; path = QQBubble.app; sourceTree = BUILT_PRODUCTS_DIR; };
		743BDA001A515745003A23DE /* Info.plist */ = {isa = PBXFileReference; lastKnownFileType = text.plist.xml; path = Info.plist; sourceTree = "<group>"; };
		743BDA011A515745003A23DE /* main.m */ = {isa = PBXFileReference; lastKnownFileType = sourcecode.c.objc; path = main.m; sourceTree = "<group>"; };
		743BDA031A515745003A23DE /* AppDelegate.h */ = {isa = PBXFileReference; lastKnownFileType = sourcecode.c.h; path = AppDelegate.h; sourceTree = "<group>"; };
		743BDA041A515745003A23DE /* AppDelegate.m */ = {isa = PBXFileReference; lastKnownFileType = sourcecode.c.objc; path = AppDelegate.m; sourceTree = "<group>"; };
		743BDA061A515745003A23DE /* ViewController.h */ = {isa = PBXFileReference; lastKnownFileType = sourcecode.c.h; path = ViewController.h; sourceTree = "<group>"; };
		743BDA071A515745003A23DE /* ViewController.m */ = {isa = PBXFileReference; lastKnownFileType = sourcecode.c.objc; path = ViewController.m; sourceTree = "<group>"; };
		743BDA0A1A515745003A23DE /* Base */ = {isa = PBXFileReference; lastKnownFileType = file.storyboard; name = Base; path = Base.lproj/Main.storyboard; sourceTree = "<group>"; };
		743BDA0C1A515745003A23DE /* Images.xcassets */ = {isa = PBXFileReference; lastKnownFileType = folder.assetcatalog; path = Images.xcassets; sourceTree = "<group>"; };
		743BDA0F1A515745003A23DE /* Base */ = {isa = PBXFileReference; lastKnownFileType = file.xib; name = Base; path = Base.lproj/LaunchScreen.xib; sourceTree = "<group>"; };
		743BDA151A515745003A23DE /* QQBubbleTests.xctest */ = {isa = PBXFileReference; explicitFileType = wrapper.cfbundle; includeInIndex = 0; path = QQBubbleTests.xctest; sourceTree = BUILT_PRODUCTS_DIR; };
		743BDA1A1A515745003A23DE /* Info.plist */ = {isa = PBXFileReference; lastKnownFileType = text.plist.xml; path = Info.plist; sourceTree = "<group>"; };
		743BDA1B1A515745003A23DE /* QQBubbleTests.m */ = {isa = PBXFileReference; lastKnownFileType = sourcecode.c.objc; path = QQBubbleTests.m; sourceTree = "<group>"; };
		743BDA261A515858003A23DE /* QHBubble.h */ = {isa = PBXFileReference; fileEncoding = 4; lastKnownFileType = sourcecode.c.h; path = QHBubble.h; sourceTree = "<group>"; };
		743BDA271A515858003A23DE /* QHBubble.m */ = {isa = PBXFileReference; fileEncoding = 4; lastKnownFileType = sourcecode.c.objc; path = QHBubble.m; sourceTree = "<group>"; };
/* End PBXFileReference section */

/* Begin PBXFrameworksBuildPhase section */
		743BD9F91A515745003A23DE /* Frameworks */ = {
			isa = PBXFrameworksBuildPhase;
			buildActionMask = 2147483647;
			files = (
			);
			runOnlyForDeploymentPostprocessing = 0;
		};
		743BDA121A515745003A23DE /* Frameworks */ = {
			isa = PBXFrameworksBuildPhase;
			buildActionMask = 2147483647;
			files = (
			);
			runOnlyForDeploymentPostprocessing = 0;
		};
/* End PBXFrameworksBuildPhase section */

/* Begin PBXGroup section */
		743BD9F31A515745003A23DE = {
			isa = PBXGroup;
			children = (
				743BD9FE1A515745003A23DE /* QQBubble */,
				743BDA181A515745003A23DE /* QQBubbleTests */,
				743BD9FD1A515745003A23DE /* Products */,
			);
			sourceTree = "<group>";
		};
		743BD9FD1A515745003A23DE /* Products */ = {
			isa = PBXGroup;
			children = (
				743BD9FC1A515745003A23DE /* QQBubble.app */,
				743BDA151A515745003A23DE /* QQBubbleTests.xctest */,
			);
			name = Products;
			sourceTree = "<group>";
		};
		743BD9FE1A515745003A23DE /* QQBubble */ = {
			isa = PBXGroup;
			children = (
				743BDA031A515745003A23DE /* AppDelegate.h */,
				743BDA041A515745003A23DE /* AppDelegate.m */,
				743BDA061A515745003A23DE /* ViewController.h */,
				743BDA071A515745003A23DE /* ViewController.m */,
				743BDA261A515858003A23DE /* QHBubble.h */,
				743BDA271A515858003A23DE /* QHBubble.m */,
				7426673F1A5245DD0045C482 /* QHSlimeView.h */,
				742667401A5245DD0045C482 /* QHSlimeView.m */,
				743BDA091A515745003A23DE /* Main.storyboard */,
				743BDA0C1A515745003A23DE /* Images.xcassets */,
				743BDA0E1A515745003A23DE /* LaunchScreen.xib */,
				743BD9FF1A515745003A23DE /* Supporting Files */,
			);
			path = QQBubble;
			sourceTree = "<group>";
		};
		743BD9FF1A515745003A23DE /* Supporting Files */ = {
			isa = PBXGroup;
			children = (
				743BDA001A515745003A23DE /* Info.plist */,
				743BDA011A515745003A23DE /* main.m */,
			);
			name = "Supporting Files";
			sourceTree = "<group>";
		};
		743BDA181A515745003A23DE /* QQBubbleTests */ = {
			isa = PBXGroup;
			children = (
				743BDA1B1A515745003A23DE /* QQBubbleTests.m */,
				743BDA191A515745003A23DE /* Supporting Files */,
			);
			path = QQBubbleTests;
			sourceTree = "<group>";
		};
		743BDA191A515745003A23DE /* Supporting Files */ = {
			isa = PBXGroup;
			children = (
				743BDA1A1A515745003A23DE /* Info.plist */,
			);
			name = "Supporting Files";
			sourceTree = "<group>";
		};
/* End PBXGroup section */

/* Begin PBXNativeTarget section */
		743BD9FB1A515745003A23DE /* QQBubble */ = {
			isa = PBXNativeTarget;
			buildConfigurationList = 743BDA1F1A515745003A23DE /* Build configuration list for PBXNativeTarget "QQBubble" */;
			buildPhases = (
				743BD9F81A515745003A23DE /* Sources */,
				743BD9F91A515745003A23DE /* Frameworks */,
				743BD9FA1A515745003A23DE /* Resources */,
			);
			buildRules = (
			);
			dependencies = (
			);
			name = QQBubble;
			productName = QQBubble;
			productReference = 743BD9FC1A515745003A23DE /* QQBubble.app */;
			productType = "com.apple.product-type.application";
		};
		743BDA141A515745003A23DE /* QQBubbleTests */ = {
			isa = PBXNativeTarget;
			buildConfigurationList = 743BDA221A515745003A23DE /* Build configuration list for PBXNativeTarget "QQBubbleTests" */;
			buildPhases = (
				743BDA111A515745003A23DE /* Sources */,
				743BDA121A515745003A23DE /* Frameworks */,
				743BDA131A515745003A23DE /* Resources */,
			);
			buildRules = (
			);
			dependencies = (
				743BDA171A515745003A23DE /* PBXTargetDependency */,
			);
			name = QQBubbleTests;
			productName = QQBubbleTests;
			productReference = 743BDA151A515745003A23DE /* QQBubbleTests.xctest */;
			productType = "com.apple.product-type.bundle.unit-test";
		};
/* End PBXNativeTarget section */

/* Begin PBXProject section */
		743BD9F41A515745003A23DE /* Project object */ = {
			isa = PBXProject;
			attributes = {
				LastUpgradeCheck = 0610;
				ORGANIZATIONNAME = chen;
				TargetAttributes = {
					743BD9FB1A515745003A23DE = {
						CreatedOnToolsVersion = 6.1;
					};
					743BDA141A515745003A23DE = {
						CreatedOnToolsVersion = 6.1;
						TestTargetID = 743BD9FB1A515745003A23DE;
					};
				};
			};
			buildConfigurationList = 743BD9F71A515745003A23DE /* Build configuration list for PBXProject "QQBubble" */;
			compatibilityVersion = "Xcode 3.2";
			developmentRegion = English;
			hasScannedForEncodings = 0;
			knownRegions = (
				en,
				Base,
			);
			mainGroup = 743BD9F31A515745003A23DE;
			productRefGroup = 743BD9FD1A515745003A23DE /* Products */;
			projectDirPath = "";
			projectRoot = "";
			targets = (
				743BD9FB1A515745003A23DE /* QQBubble */,
				743BDA141A515745003A23DE /* QQBubbleTests */,
			);
		};
/* End PBXProject section */

/* Begin PBXResourcesBuildPhase section */
		743BD9FA1A515745003A23DE /* Resources */ = {
			isa = PBXResourcesBuildPhase;
			buildActionMask = 2147483647;
			files = (
				743BDA0B1A515745003A23DE /* Main.storyboard in Resources */,
				743BDA101A515745003A23DE /* LaunchScreen.xib in Resources */,
				743BDA0D1A515745003A23DE /* Images.xcassets in Resources */,
			);
			runOnlyForDeploymentPostprocessing = 0;
		};
		743BDA131A515745003A23DE /* Resources */ = {
			isa = PBXResourcesBuildPhase;
			buildActionMask = 2147483647;
			files = (
			);
			runOnlyForDeploymentPostprocessing = 0;
		};
/* End PBXResourcesBuildPhase section */

/* Begin PBXSourcesBuildPhase section */
		743BD9F81A515745003A23DE /* Sources */ = {
			isa = PBXSourcesBuildPhase;
			buildActionMask = 2147483647;
			files = (
				742667411A5245DD0045C482 /* QHSlimeView.m in Sources */,
				743BDA081A515745003A23DE /* ViewController.m in Sources */,
				743BDA051A515745003A23DE /* AppDelegate.m in Sources */,
				743BDA281A515858003A23DE /* QHBubble.m in Sources */,
				743BDA021A515745003A23DE /* main.m in Sources */,
			);
			runOnlyForDeploymentPostprocessing = 0;
		};
		743BDA111A515745003A23DE /* Sources */ = {
			isa = PBXSourcesBuildPhase;
			buildActionMask = 2147483647;
			files = (
				743BDA1C1A515745003A23DE /* QQBubbleTests.m in Sources */,
			);
			runOnlyForDeploymentPostprocessing = 0;
		};
/* End PBXSourcesBuildPhase section */

/* Begin PBXTargetDependency section */
		743BDA171A515745003A23DE /* PBXTargetDependency */ = {
			isa = PBXTargetDependency;
			target = 743BD9FB1A515745003A23DE /* QQBubble */;
			targetProxy = 743BDA161A515745003A23DE /* PBXContainerItemProxy */;
		};
/* End PBXTargetDependency section */

/* Begin PBXVariantGroup section */
		743BDA091A515745003A23DE /* Main.storyboard */ = {
			isa = PBXVariantGroup;
			children = (
				743BDA0A1A515745003A23DE /* Base */,
			);
			name = Main.storyboard;
			sourceTree = "<group>";
		};
		743BDA0E1A515745003A23DE /* LaunchScreen.xib */ = {
			isa = PBXVariantGroup;
			children = (
				743BDA0F1A515745003A23DE /* Base */,
			);
			name = LaunchScreen.xib;
			sourceTree = "<group>";
		};
/* End PBXVariantGroup section */

/* Begin XCBuildConfiguration section */
		743BDA1D1A515745003A23DE /* Debug */ = {
			isa = XCBuildConfiguration;
			buildSettings = {
				ALWAYS_SEARCH_USER_PATHS = NO;
				CLANG_CXX_LANGUAGE_STANDARD = "gnu++0x";
				CLANG_CXX_LIBRARY = "libc++";
				CLANG_ENABLE_MODULES = YES;
				CLANG_ENABLE_OBJC_ARC = YES;
				CLANG_WARN_BOOL_CONVERSION = YES;
				CLANG_WARN_CONSTANT_CONVERSION = YES;
				CLANG_WARN_DIRECT_OBJC_ISA_USAGE = YES_ERROR;
				CLANG_WARN_EMPTY_BODY = YES;
				CLANG_WARN_ENUM_CONVERSION = YES;
				CLANG_WARN_INT_CONVERSION = YES;
				CLANG_WARN_OBJC_ROOT_CLASS = YES_ERROR;
				CLANG_WARN_UNREACHABLE_CODE = YES;
				CLANG_WARN__DUPLICATE_METHOD_MATCH = YES;
				"CODE_SIGN_IDENTITY[sdk=iphoneos*]" = "iPhone Developer";
				COPY_PHASE_STRIP = NO;
				ENABLE_STRICT_OBJC_MSGSEND = YES;
				GCC_C_LANGUAGE_STANDARD = gnu99;
				GCC_DYNAMIC_NO_PIC = NO;
				GCC_OPTIMIZATION_LEVEL = 0;
				GCC_PREPROCESSOR_DEFINITIONS = (
					"DEBUG=1",
					"$(inherited)",
				);
				GCC_SYMBOLS_PRIVATE_EXTERN = NO;
				GCC_WARN_64_TO_32_BIT_CONVERSION = YES;
				GCC_WARN_ABOUT_RETURN_TYPE = YES_ERROR;
				GCC_WARN_UNDECLARED_SELECTOR = YES;
				GCC_WARN_UNINITIALIZED_AUTOS = YES_AGGRESSIVE;
				GCC_WARN_UNUSED_FUNCTION = YES;
				GCC_WARN_UNUSED_VARIABLE = YES;
				IPHONEOS_DEPLOYMENT_TARGET = 8.1;
				MTL_ENABLE_DEBUG_INFO = YES;
				ONLY_ACTIVE_ARCH = YES;
				SDKROOT = iphoneos;
			};
			name = Debug;
		};
		743BDA1E1A515745003A23DE /* Release */ = {
			isa = XCBuildConfiguration;
			buildSettings = {
				ALWAYS_SEARCH_USER_PATHS = NO;
				CLANG_CXX_LANGUAGE_STANDARD = "gnu++0x";
				CLANG_CXX_LIBRARY = "libc++";
				CLANG_ENABLE_MODULES = YES;
				CLANG_ENABLE_OBJC_ARC = YES;
				CLANG_WARN_BOOL_CONVERSION = YES;
				CLANG_WARN_CONSTANT_CONVERSION = YES;
				CLANG_WARN_DIRECT_OBJC_ISA_USAGE = YES_ERROR;
				CLANG_WARN_EMPTY_BODY = YES;
				CLANG_WARN_ENUM_CONVERSION = YES;
				CLANG_WARN_INT_CONVERSION = YES;
				CLANG_WARN_OBJC_ROOT_CLASS = YES_ERROR;
				CLANG_WARN_UNREACHABLE_CODE = YES;
				CLANG_WARN__DUPLICATE_METHOD_MATCH = YES;
				"CODE_SIGN_IDENTITY[sdk=iphoneos*]" = "iPhone Developer";
				COPY_PHASE_STRIP = YES;
				ENABLE_NS_ASSERTIONS = NO;
				ENABLE_STRICT_OBJC_MSGSEND = YES;
				GCC_C_LANGUAGE_STANDARD = gnu99;
				GCC_WARN_64_TO_32_BIT_CONVERSION = YES;
				GCC_WARN_ABOUT_RETURN_TYPE = YES_ERROR;
				GCC_WARN_UNDECLARED_SELECTOR = YES;
				GCC_WARN_UNINITIALIZED_AUTOS = YES_AGGRESSIVE;
				GCC_WARN_UNUSED_FUNCTION = YES;
				GCC_WARN_UNUSED_VARIABLE = YES;
				IPHONEOS_DEPLOYMENT_TARGET = 8.1;
				MTL_ENABLE_DEBUG_INFO = NO;
				SDKROOT = iphoneos;
				VALIDATE_PRODUCT = YES;
			};
			name = Release;
		};
		743BDA201A515745003A23DE /* Debug */ = {
			isa = XCBuildConfiguration;
			buildSettings = {
				ASSETCATALOG_COMPILER_APPICON_NAME = AppIcon;
				INFOPLIST_FILE = QQBubble/Info.plist;
				IPHONEOS_DEPLOYMENT_TARGET = 7.0;
				LD_RUNPATH_SEARCH_PATHS = "$(inherited) @executable_path/Frameworks";
				PRODUCT_NAME = "$(TARGET_NAME)";
			};
			name = Debug;
		};
		743BDA211A515745003A23DE /* Release */ = {
			isa = XCBuildConfiguration;
			buildSettings = {
				ASSETCATALOG_COMPILER_APPICON_NAME = AppIcon;
				INFOPLIST_FILE = QQBubble/Info.plist;
				IPHONEOS_DEPLOYMENT_TARGET = 7.0;
				LD_RUNPATH_SEARCH_PATHS = "$(inherited) @executable_path/Frameworks";
				PRODUCT_NAME = "$(TARGET_NAME)";
			};
			name = Release;
		};
		743BDA231A515745003A23DE /* Debug */ = {
			isa = XCBuildConfiguration;
			buildSettings = {
				BUNDLE_LOADER = "$(TEST_HOST)";
				FRAMEWORK_SEARCH_PATHS = (
					"$(SDKROOT)/Developer/Library/Frameworks",
					"$(inherited)",
				);
				GCC_PREPROCESSOR_DEFINITIONS = (
					"DEBUG=1",
					"$(inherited)",
				);
				INFOPLIST_FILE = QQBubbleTests/Info.plist;
				LD_RUNPATH_SEARCH_PATHS = "$(inherited) @executable_path/Frameworks @loader_path/Frameworks";
				PRODUCT_NAME = "$(TARGET_NAME)";
				TEST_HOST = "$(BUILT_PRODUCTS_DIR)/QQBubble.app/QQBubble";
			};
			name = Debug;
		};
		743BDA241A515745003A23DE /* Release */ = {
			isa = XCBuildConfiguration;
			buildSettings = {
				BUNDLE_LOADER = "$(TEST_HOST)";
				FRAMEWORK_SEARCH_PATHS = (
					"$(SDKROOT)/Developer/Library/Frameworks",
					"$(inherited)",
				);
				INFOPLIST_FILE = QQBubbleTests/Info.plist;
				LD_RUNPATH_SEARCH_PATHS = "$(inherited) @executable_path/Frameworks @loader_path/Frameworks";
				PRODUCT_NAME = "$(TARGET_NAME)";
				TEST_HOST = "$(BUILT_PRODUCTS_DIR)/QQBubble.app/QQBubble";
			};
			name = Release;
		};
/* End XCBuildConfiguration section */

/* Begin XCConfigurationList section */
		743BD9F71A515745003A23DE /* Build configuration list for PBXProject "QQBubble" */ = {
			isa = XCConfigurationList;
			buildConfigurations = (
				743BDA1D1A515745003A23DE /* Debug */,
				743BDA1E1A515745003A23DE /* Release */,
			);
			defaultConfigurationIsVisible = 0;
			defaultConfigurationName = Release;
		};
		743BDA1F1A515745003A23DE /* Build configuration list for PBXNativeTarget "QQBubble" */ = {
			isa = XCConfigurationList;
			buildConfigurations = (
				743BDA201A515745003A23DE /* Debug */,
				743BDA211A515745003A23DE /* Release */,
			);
			defaultConfigurationIsVisible = 0;
			defaultConfigurationName = Release;
		};
		743BDA221A515745003A23DE /* Build configuration list for PBXNativeTarget "QQBubbleTests" */ = {
			isa = XCConfigurationList;
			buildConfigurations = (
				743BDA231A515745003A23DE /* Debug */,
				743BDA241A515745003A23DE /* Release */,
			);
			defaultConfigurationIsVisible = 0;
			defaultConfigurationName = Release;
		};
/* End XCConfigurationList section */
	};
	rootObject = 743BD9F41A515745003A23DE /* Project object */;
}
